
Microsoft Visual Studio Solution File, Format Version 12.00
# Visual Studio 15
VisualStudioVersion = 15.0.26430.15
MinimumVisualStudioVersion = 10.0.40219.1
Project("{FAE04EC0-301F-11D3-BF4B-00C04F79EFBC}") = "owasp-zap-vsts-tool", "owasp-zap-vsts-tool\owasp-zap-vsts-tool.csproj", "{43EC5BB7-557F-4A5E-B727-0EB4221901BC}"
EndProject
Project("{FAE04EC0-301F-11D3-BF4B-00C04F79EFBC}") = "IntegrationTests", "IntegrationTests\IntegrationTests.csproj", "{AA46CA21-961F-43EE-9852-023E163E8DA1}"
EndProject
Global
	GlobalSection(SolutionConfigurationPlatforms) = preSolution
		Debug|Any CPU = Debug|Any CPU
		Release|Any CPU = Release|Any CPU
	EndGlobalSection
	GlobalSection(ProjectConfigurationPlatforms) = postSolution
		{43EC5BB7-557F-4A5E-B727-0EB4221901BC}.Debug|Any CPU.ActiveCfg = Debug|Any CPU
		{43EC5BB7-557F-4A5E-B727-0EB4221901BC}.Debug|Any CPU.Build.0 = Debug|Any CPU
		{43EC5BB7-557F-4A5E-B727-0EB4221901BC}.Release|Any CPU.ActiveCfg = Release|Any CPU
		{43EC5BB7-557F-4A5E-B727-0EB4221901BC}.Release|Any CPU.Build.0 = Release|Any CPU
		{AA46CA21-961F-43EE-9852-023E163E8DA1}.Debug|Any CPU.ActiveCfg = Debug|Any CPU
		{AA46CA21-961F-43EE-9852-023E163E8DA1}.Debug|Any CPU.Build.0 = Debug|Any CPU
		{AA46CA21-961F-43EE-9852-023E163E8DA1}.Release|Any CPU.ActiveCfg = Release|Any CPU
		{AA46CA21-961F-43EE-9852-023E163E8DA1}.Release|Any CPU.Build.0 = Release|Any CPU
	EndGlobalSection
	GlobalSection(SolutionProperties) = preSolution
		HideSolutionNode = FALSE
	EndGlobalSection
	GlobalSection(ExtensibilityGlobals) = postSolution
		SolutionGuid = {977AA898-56BC-4617-BFCB-D610FA719C9B}
	EndGlobalSection
EndGlobal
